// !$*UTF8*$!
{
	archiveVersion = 1;
	classes = {
	};
	objectVersion = 46;
	objects = {

/* Begin PBXBuildFile section */
		04E658E6B5282961824B4321 /* MainWindow.cpp in Sources */ = {isa = PBXBuildFile; fileRef = C122966494AD479C5E0CE5FE /* MainWindow.cpp */; };
		075C54DDDBDEA5AAD2F60154 /* include_juce_graphics.mm in Sources */ = {isa = PBXBuildFile; fileRef = 82800DBA287EF4BAB13B42FB /* include_juce_graphics.mm */; };
		0F20A4AE04736634F097F5A6 /* include_juce_audio_utils.mm in Sources */ = {isa = PBXBuildFile; fileRef = B285CAB91AE928C476CA4F9C /* include_juce_audio_utils.mm */; };
		15CCE43D7DCFC649638919D4 /* include_juce_audio_basics.mm in Sources */ = {isa = PBXBuildFile; fileRef = 4C7D82F9274A4F9DBF11235C /* include_juce_audio_basics.mm */; };
		21D330A5B13178B12BEAFC3C /* AudioToolbox.framework in Frameworks */ = {isa = PBXBuildFile; fileRef = D4EBC17BDB7F88CCBC76730B /* AudioToolbox.framework */; };
		2727A191DB1BAAC9C04B9081 /* include_juce_opengl.mm in Sources */ = {isa = PBXBuildFile; fileRef = 37E4D5C341406B7072120006 /* include_juce_opengl.mm */; };
		2946480E0051817F7F8C2A8D /* Startup.cpp in Sources */ = {isa = PBXBuildFile; fileRef = C0B943B37166EE6AE884BD09 /* Startup.cpp */; };
		2AAD914FFE704A3ECE563D58 /* ReportPrepScreen.cpp in Sources */ = {isa = PBXBuildFile; fileRef = 9432FE486B3AA22D645C8B4B /* ReportPrepScreen.cpp */; };
		2B4B9CF71F94BDD1E3AC89AE /* Carbon.framework in Frameworks */ = {isa = PBXBuildFile; fileRef = B0935EBBA4F6E2B05F3D1C0A /* Carbon.framework */; };
		2C3D221D2AA87F07B3F1044D /* include_juce_gui_basics.mm in Sources */ = {isa = PBXBuildFile; fileRef = 8FE7B37CDE0818DB27BDDEBD /* include_juce_gui_basics.mm */; };
		311D454D0A0FF5366187CEE1 /* VCOTuner.cpp in Sources */ = {isa = PBXBuildFile; fileRef = FE7CCC33D0FC6AD442627D02 /* VCOTuner.cpp */; };
		3470F40DA5D68EC217872906 /* CoreMedia.framework in Frameworks */ = {isa = PBXBuildFile; fileRef = 31D55A751C790CB81F58DDB7 /* CoreMedia.framework */; };
		392A39581E12792B2783DF29 /* ReportDetailsEditorScreen.cpp in Sources */ = {isa = PBXBuildFile; fileRef = 0ECC67720712DA5C648CBCD2 /* ReportDetailsEditorScreen.cpp */; };
		4A114FF1793F4EE4BA1FE5D1 /* MainComponent.cpp in Sources */ = {isa = PBXBuildFile; fileRef = 37970C60AA791DBF4E3DD8B9 /* MainComponent.cpp */; };
		4DB15177DDC357F4503F88CF /* WebKit.framework in Frameworks */ = {isa = PBXBuildFile; fileRef = B457EE687507BF1DEEA7581F /* WebKit.framework */; };
		5C4D406B924230F83E3580AD /* include_juce_audio_devices.mm in Sources */ = {isa = PBXBuildFile; fileRef = 65968EA1B476D71F14DE1D58 /* include_juce_audio_devices.mm */; };
		68FBFDA1FE637B3EDA09A592 /* IOKit.framework in Frameworks */ = {isa = PBXBuildFile; fileRef = 4DF6E6E41E10965AD169143B /* IOKit.framework */; };
		70580743C3D5695F065FF698 /* CoreAudioKit.framework in Frameworks */ = {isa = PBXBuildFile; fileRef = E68018DE199135B7F738FB17 /* CoreAudioKit.framework */; };
		73E371F1B912FCCAE0CD7E5D /* Accelerate.framework in Frameworks */ = {isa = PBXBuildFile; fileRef = 86CA337014D3F67E906FFD28 /* Accelerate.framework */; };
		76A80851698FC773D2479B4E /* include_juce_core.mm in Sources */ = {isa = PBXBuildFile; fileRef = 683CEE986A2467C850FE99E6 /* include_juce_core.mm */; };
		7DE202DC1D876F49266D9E7D /* include_juce_events.mm in Sources */ = {isa = PBXBuildFile; fileRef = 8290D7BAC160B3A56B66891A /* include_juce_events.mm */; };
		8240D23FDA38FF56B6554BBA /* ReportCreatorWindow.cpp in Sources */ = {isa = PBXBuildFile; fileRef = 856641EEF218D1A6E6CD220D /* ReportCreatorWindow.cpp */; };
		84BAFE82A102D9C350672689 /* include_juce_video.mm in Sources */ = {isa = PBXBuildFile; fileRef = 29D746FC68F69751796671A2 /* include_juce_video.mm */; };
		851C1165C9E4ACDD19C56A96 /* AVFoundation.framework in Frameworks */ = {isa = PBXBuildFile; fileRef = 942A0F04EFB8D0B2FF9780BA /* AVFoundation.framework */; };
		9056B642BEF870098DE344E5 /* Foundation.framework in Frameworks */ = {isa = PBXBuildFile; fileRef = 03FA420AACDD03D50AA16E4A /* Foundation.framework */; };
		A02C9F4C4B840C27B6CAFEBD /* QuartzCore.framework in Frameworks */ = {isa = PBXBuildFile; fileRef = 89309C0C5F3269BD06BE7F27 /* QuartzCore.framework */; };
		A09E93F1B354E1FF8B3E9ABE /* include_juce_data_structures.mm in Sources */ = {isa = PBXBuildFile; fileRef = 5EF1D381F42AA8764597F189 /* include_juce_data_structures.mm */; };
		A64D9253E93C6B64F10AF5B8 /* Visualizer.cpp in Sources */ = {isa = PBXBuildFile; fileRef = 1694EC1B42AC2CCF819373C9 /* Visualizer.cpp */; };
		AC3BED74AC7C6D9F5739F38B /* Cocoa.framework in Frameworks */ = {isa = PBXBuildFile; fileRef = 9794142D24966F93FFDE51A1 /* Cocoa.framework */; };
		AF42316D915057E930A5624E /* AVKit.framework in Frameworks */ = {isa = PBXBuildFile; fileRef = A4B568E26157FC282214976F /* AVKit.framework */; };
		BBA1733CF8B064A5FD0B4CF4 /* OpenGL.framework in Frameworks */ = {isa = PBXBuildFile; fileRef = D313CF37B25D7FD313C4F336 /* OpenGL.framework */; };
		C38D14DC58F1941DD5E4BF60 /* include_juce_gui_extra.mm in Sources */ = {isa = PBXBuildFile; fileRef = 2BE6C2DFD6EBB9A89109AEB5 /* include_juce_gui_extra.mm */; };
		CAF0DE157C8F7D9F168AA3B6 /* include_juce_audio_processors.mm in Sources */ = {isa = PBXBuildFile; fileRef = 5FBD6C402617272052BB4D81 /* include_juce_audio_processors.mm */; };
		CFC2942F84652E627593CB7D /* ReportProperties.cpp in Sources */ = {isa = PBXBuildFile; fileRef = 5A79C33959205B941696E57E /* ReportProperties.cpp */; };
		D92C7BF86C9CCF6B4D14F809 /* RecentFilesMenuTemplate.nib in Resources */ = {isa = PBXBuildFile; fileRef = 7DA35787B5F6F7440D667CC8 /* RecentFilesMenuTemplate.nib */; };
		DFCDB3982F164547590ACFF9 /* ReportDisplayScreen.cpp in Sources */ = {isa = PBXBuildFile; fileRef = 1048368B676759E50AE658F1 /* ReportDisplayScreen.cpp */; };
		E092A70431B046BF1F50A482 /* CoreMIDI.framework in Frameworks */ = {isa = PBXBuildFile; fileRef = 5AF0CA7CDFCA90B4DE1F55C3 /* CoreMIDI.framework */; };
		E2BAA7CFC729809530FD71EE /* DiscRecording.framework in Frameworks */ = {isa = PBXBuildFile; fileRef = B8774D8AD307D798831C0DF7 /* DiscRecording.framework */; };
		E3CB85BA817BC9E3942A8AB0 /* CoreAudio.framework in Frameworks */ = {isa = PBXBuildFile; fileRef = 9F9B445E6755CAA19E4344ED /* CoreAudio.framework */; };
		E4A926EF695823F0F13268FF /* include_juce_cryptography.mm in Sources */ = {isa = PBXBuildFile; fileRef = B8E24A5CEE6B7055537725CF /* include_juce_cryptography.mm */; };
		F4DD98B9310B679D50A2C8A6 /* include_juce_audio_formats.mm in Sources */ = {isa = PBXBuildFile; fileRef = 5D250A57C7DEA80248F30EED /* include_juce_audio_formats.mm */; };
/* End PBXBuildFile section */

/* Begin PBXFileReference section */
		01E77D6EE008AD0DA185C44F /* ReportProperties.h */ = {isa = PBXFileReference; lastKnownFileType = sourcecode.c.h; name = ReportProperties.h; path = ../../Source/ReportProperties.h; sourceTree = SOURCE_ROOT; };
		03FA420AACDD03D50AA16E4A /* Foundation.framework */ = {isa = PBXFileReference; lastKnownFileType = wrapper.framework; name = Foundation.framework; path = System/Library/Frameworks/Foundation.framework; sourceTree = SDKROOT; };
		0ECC67720712DA5C648CBCD2 /* ReportDetailsEditorScreen.cpp */ = {isa = PBXFileReference; lastKnownFileType = sourcecode.cpp.cpp; name = ReportDetailsEditorScreen.cpp; path = ../../Source/ReportDetailsEditorScreen.cpp; sourceTree = SOURCE_ROOT; };
		1048368B676759E50AE658F1 /* ReportDisplayScreen.cpp */ = {isa = PBXFileReference; lastKnownFileType = sourcecode.cpp.cpp; name = ReportDisplayScreen.cpp; path = ../../Source/ReportDisplayScreen.cpp; sourceTree = SOURCE_ROOT; };
		134FB3154CBD49CEE3538585 /* ReportDisplayScreen.h */ = {isa = PBXFileReference; lastKnownFileType = sourcecode.c.h; name = ReportDisplayScreen.h; path = ../../Source/ReportDisplayScreen.h; sourceTree = SOURCE_ROOT; };
		1694EC1B42AC2CCF819373C9 /* Visualizer.cpp */ = {isa = PBXFileReference; lastKnownFileType = sourcecode.cpp.cpp; name = Visualizer.cpp; path = ../../Source/Visualizer.cpp; sourceTree = SOURCE_ROOT; };
		22436B06526E2E515545E8FB /* ReportPrepScreen.h */ = {isa = PBXFileReference; lastKnownFileType = sourcecode.c.h; name = ReportPrepScreen.h; path = ../../Source/ReportPrepScreen.h; sourceTree = SOURCE_ROOT; };
		29D746FC68F69751796671A2 /* include_juce_video.mm */ = {isa = PBXFileReference; lastKnownFileType = sourcecode.cpp.objcpp; name = include_juce_video.mm; path = ../../JuceLibraryCode/include_juce_video.mm; sourceTree = SOURCE_ROOT; };
		2BE6C2DFD6EBB9A89109AEB5 /* include_juce_gui_extra.mm */ = {isa = PBXFileReference; lastKnownFileType = sourcecode.cpp.objcpp; name = include_juce_gui_extra.mm; path = ../../JuceLibraryCode/include_juce_gui_extra.mm; sourceTree = SOURCE_ROOT; };
		30F22843EFEBF7AA841EB4D6 /* AppConfig.h */ = {isa = PBXFileReference; lastKnownFileType = sourcecode.c.h; name = AppConfig.h; path = ../../JuceLibraryCode/AppConfig.h; sourceTree = SOURCE_ROOT; };
		31D55A751C790CB81F58DDB7 /* CoreMedia.framework */ = {isa = PBXFileReference; lastKnownFileType = wrapper.framework; name = CoreMedia.framework; path = System/Library/Frameworks/CoreMedia.framework; sourceTree = SDKROOT; };
		3303956A59A83C2581E5C71F /* MainComponent.h */ = {isa = PBXFileReference; lastKnownFileType = sourcecode.c.h; name = MainComponent.h; path = ../../Source/MainComponent.h; sourceTree = SOURCE_ROOT; };
		35D4CB3BDF2D2EAC8573C68D /* juce_cryptography */ = {isa = PBXFileReference; lastKnownFileType = folder; name = juce_cryptography; path = ../../JuceLibraryCode/modules/juce_cryptography; sourceTree = SOURCE_ROOT; };
		3633141594EE9348EBCE5819 /* juce_events */ = {isa = PBXFileReference; lastKnownFileType = folder; name = juce_events; path = ../../JuceLibraryCode/modules/juce_events; sourceTree = SOURCE_ROOT; };
		370D0C28693D5BB805B95988 /* ReportCreatorWindow.h */ = {isa = PBXFileReference; lastKnownFileType = sourcecode.c.h; name = ReportCreatorWindow.h; path = ../../Source/ReportCreatorWindow.h; sourceTree = SOURCE_ROOT; };
		37970C60AA791DBF4E3DD8B9 /* MainComponent.cpp */ = {isa = PBXFileReference; lastKnownFileType = sourcecode.cpp.cpp; name = MainComponent.cpp; path = ../../Source/MainComponent.cpp; sourceTree = SOURCE_ROOT; };
		37E4D5C341406B7072120006 /* include_juce_opengl.mm */ = {isa = PBXFileReference; lastKnownFileType = sourcecode.cpp.objcpp; name = include_juce_opengl.mm; path = ../../JuceLibraryCode/include_juce_opengl.mm; sourceTree = SOURCE_ROOT; };
		3DC41604B6251DCAD59980B2 /* VCOTuner.h */ = {isa = PBXFileReference; lastKnownFileType = sourcecode.c.h; name = VCOTuner.h; path = ../../Source/VCOTuner.h; sourceTree = SOURCE_ROOT; };
		4412D4A22BD7B1C49B65887E /* juce_core */ = {isa = PBXFileReference; lastKnownFileType = folder; name = juce_core; path = ../../JuceLibraryCode/modules/juce_core; sourceTree = SOURCE_ROOT; };
		4C7D82F9274A4F9DBF11235C /* include_juce_audio_basics.mm */ = {isa = PBXFileReference; lastKnownFileType = sourcecode.cpp.objcpp; name = include_juce_audio_basics.mm; path = ../../JuceLibraryCode/include_juce_audio_basics.mm; sourceTree = SOURCE_ROOT; };
		4DF6E6E41E10965AD169143B /* IOKit.framework */ = {isa = PBXFileReference; lastKnownFileType = wrapper.framework; name = IOKit.framework; path = System/Library/Frameworks/IOKit.framework; sourceTree = SDKROOT; };
		57DF618F1DE781556B7AFC32 /* Info-App.plist */ = {isa = PBXFileReference; lastKnownFileType = text.plist.xml; path = "Info-App.plist"; sourceTree = SOURCE_ROOT; };
		5A79C33959205B941696E57E /* ReportProperties.cpp */ = {isa = PBXFileReference; lastKnownFileType = sourcecode.cpp.cpp; name = ReportProperties.cpp; path = ../../Source/ReportProperties.cpp; sourceTree = SOURCE_ROOT; };
		5AF0CA7CDFCA90B4DE1F55C3 /* CoreMIDI.framework */ = {isa = PBXFileReference; lastKnownFileType = wrapper.framework; name = CoreMIDI.framework; path = System/Library/Frameworks/CoreMIDI.framework; sourceTree = SDKROOT; };
		5D250A57C7DEA80248F30EED /* include_juce_audio_formats.mm */ = {isa = PBXFileReference; lastKnownFileType = sourcecode.cpp.objcpp; name = include_juce_audio_formats.mm; path = ../../JuceLibraryCode/include_juce_audio_formats.mm; sourceTree = SOURCE_ROOT; };
		5EF1D381F42AA8764597F189 /* include_juce_data_structures.mm */ = {isa = PBXFileReference; lastKnownFileType = sourcecode.cpp.objcpp; name = include_juce_data_structures.mm; path = ../../JuceLibraryCode/include_juce_data_structures.mm; sourceTree = SOURCE_ROOT; };
		5FBD6C402617272052BB4D81 /* include_juce_audio_processors.mm */ = {isa = PBXFileReference; lastKnownFileType = sourcecode.cpp.objcpp; name = include_juce_audio_processors.mm; path = ../../JuceLibraryCode/include_juce_audio_processors.mm; sourceTree = SOURCE_ROOT; };
		65968EA1B476D71F14DE1D58 /* include_juce_audio_devices.mm */ = {isa = PBXFileReference; lastKnownFileType = sourcecode.cpp.objcpp; name = include_juce_audio_devices.mm; path = ../../JuceLibraryCode/include_juce_audio_devices.mm; sourceTree = SOURCE_ROOT; };
		66055A618ABCAEF465F0F089 /* juce_video */ = {isa = PBXFileReference; lastKnownFileType = folder; name = juce_video; path = ../../JuceLibraryCode/modules/juce_video; sourceTree = SOURCE_ROOT; };
		683CEE986A2467C850FE99E6 /* include_juce_core.mm */ = {isa = PBXFileReference; lastKnownFileType = sourcecode.cpp.objcpp; name = include_juce_core.mm; path = ../../JuceLibraryCode/include_juce_core.mm; sourceTree = SOURCE_ROOT; };
		6A5BCDEF78475BA8D6906222 /* juce_audio_processors */ = {isa = PBXFileReference; lastKnownFileType = folder; name = juce_audio_processors; path = ../../JuceLibraryCode/modules/juce_audio_processors; sourceTree = SOURCE_ROOT; };
		770E19588F6FD2608F4B6561 /* juce_audio_basics */ = {isa = PBXFileReference; lastKnownFileType = folder; name = juce_audio_basics; path = ../../JuceLibraryCode/modules/juce_audio_basics; sourceTree = SOURCE_ROOT; };
		7DA35787B5F6F7440D667CC8 /* RecentFilesMenuTemplate.nib */ = {isa = PBXFileReference; lastKnownFileType = file.nib; path = RecentFilesMenuTemplate.nib; sourceTree = SOURCE_ROOT; };
		82800DBA287EF4BAB13B42FB /* include_juce_graphics.mm */ = {isa = PBXFileReference; lastKnownFileType = sourcecode.cpp.objcpp; name = include_juce_graphics.mm; path = ../../JuceLibraryCode/include_juce_graphics.mm; sourceTree = SOURCE_ROOT; };
		8290D7BAC160B3A56B66891A /* include_juce_events.mm */ = {isa = PBXFileReference; lastKnownFileType = sourcecode.cpp.objcpp; name = include_juce_events.mm; path = ../../JuceLibraryCode/include_juce_events.mm; sourceTree = SOURCE_ROOT; };
		846943F2A319A7EC63852C2C /* juce_data_structures */ = {isa = PBXFileReference; lastKnownFileType = folder; name = juce_data_structures; path = ../../JuceLibraryCode/modules/juce_data_structures; sourceTree = SOURCE_ROOT; };
		856641EEF218D1A6E6CD220D /* ReportCreatorWindow.cpp */ = {isa = PBXFileReference; lastKnownFileType = sourcecode.cpp.cpp; name = ReportCreatorWindow.cpp; path = ../../Source/ReportCreatorWindow.cpp; sourceTree = SOURCE_ROOT; };
		86CA337014D3F67E906FFD28 /* Accelerate.framework */ = {isa = PBXFileReference; lastKnownFileType = wrapper.framework; name = Accelerate.framework; path = System/Library/Frameworks/Accelerate.framework; sourceTree = SDKROOT; };
		876522FC6B3A2BBFAE55E544 /* ReportDetailsEditorScreen.h */ = {isa = PBXFileReference; lastKnownFileType = sourcecode.c.h; name = ReportDetailsEditorScreen.h; path = ../../Source/ReportDetailsEditorScreen.h; sourceTree = SOURCE_ROOT; };
		89309C0C5F3269BD06BE7F27 /* QuartzCore.framework */ = {isa = PBXFileReference; lastKnownFileType = wrapper.framework; name = QuartzCore.framework; path = System/Library/Frameworks/QuartzCore.framework; sourceTree = SDKROOT; };
		8BB14B2B9CCB985D5029B572 /* juce_audio_devices */ = {isa = PBXFileReference; lastKnownFileType = folder; name = juce_audio_devices; path = ../../JuceLibraryCode/modules/juce_audio_devices; sourceTree = SOURCE_ROOT; };
		8D8BBC353637DA442C5575DA /* VCO Tuner.app */ = {isa = PBXFileReference; explicitFileType = wrapper.application; includeInIndex = 0; path = "VCO Tuner.app"; sourceTree = BUILT_PRODUCTS_DIR; };
		8FE7B37CDE0818DB27BDDEBD /* include_juce_gui_basics.mm */ = {isa = PBXFileReference; lastKnownFileType = sourcecode.cpp.objcpp; name = include_juce_gui_basics.mm; path = ../../JuceLibraryCode/include_juce_gui_basics.mm; sourceTree = SOURCE_ROOT; };
		915795AFEB0B6BD923DCC8D3 /* MainWindow.h */ = {isa = PBXFileReference; lastKnownFileType = sourcecode.c.h; name = MainWindow.h; path = ../../Source/MainWindow.h; sourceTree = SOURCE_ROOT; };
		942A0F04EFB8D0B2FF9780BA /* AVFoundation.framework */ = {isa = PBXFileReference; lastKnownFileType = wrapper.framework; name = AVFoundation.framework; path = System/Library/Frameworks/AVFoundation.framework; sourceTree = SDKROOT; };
		9432FE486B3AA22D645C8B4B /* ReportPrepScreen.cpp */ = {isa = PBXFileReference; lastKnownFileType = sourcecode.cpp.cpp; name = ReportPrepScreen.cpp; path = ../../Source/ReportPrepScreen.cpp; sourceTree = SOURCE_ROOT; };
		94668FE1F7FB63F24918FECF /* juce_audio_utils */ = {isa = PBXFileReference; lastKnownFileType = folder; name = juce_audio_utils; path = ../../JuceLibraryCode/modules/juce_audio_utils; sourceTree = SOURCE_ROOT; };
		9794142D24966F93FFDE51A1 /* Cocoa.framework */ = {isa = PBXFileReference; lastKnownFileType = wrapper.framework; name = Cocoa.framework; path = System/Library/Frameworks/Cocoa.framework; sourceTree = SDKROOT; };
		99BC258E5E6EED13D9A46569 /* juce_audio_formats */ = {isa = PBXFileReference; lastKnownFileType = folder; name = juce_audio_formats; path = ../../JuceLibraryCode/modules/juce_audio_formats; sourceTree = SOURCE_ROOT; };
		9F9B445E6755CAA19E4344ED /* CoreAudio.framework */ = {isa = PBXFileReference; lastKnownFileType = wrapper.framework; name = CoreAudio.framework; path = System/Library/Frameworks/CoreAudio.framework; sourceTree = SDKROOT; };
		A4B568E26157FC282214976F /* AVKit.framework */ = {isa = PBXFileReference; lastKnownFileType = wrapper.framework; name = AVKit.framework; path = System/Library/Frameworks/AVKit.framework; sourceTree = SDKROOT; };
		A5E7CA8A71D049BE2BD33861 /* JuceHeader.h */ = {isa = PBXFileReference; lastKnownFileType = sourcecode.c.h; name = JuceHeader.h; path = ../../JuceLibraryCode/JuceHeader.h; sourceTree = SOURCE_ROOT; };
		A6DFEC0C0142E6E829BBB357 /* juce_gui_extra */ = {isa = PBXFileReference; lastKnownFileType = folder; name = juce_gui_extra; path = ../../JuceLibraryCode/modules/juce_gui_extra; sourceTree = SOURCE_ROOT; };
		B0935EBBA4F6E2B05F3D1C0A /* Carbon.framework */ = {isa = PBXFileReference; lastKnownFileType = wrapper.framework; name = Carbon.framework; path = System/Library/Frameworks/Carbon.framework; sourceTree = SDKROOT; };
		B285CAB91AE928C476CA4F9C /* include_juce_audio_utils.mm */ = {isa = PBXFileReference; lastKnownFileType = sourcecode.cpp.objcpp; name = include_juce_audio_utils.mm; path = ../../JuceLibraryCode/include_juce_audio_utils.mm; sourceTree = SOURCE_ROOT; };
		B457EE687507BF1DEEA7581F /* WebKit.framework */ = {isa = PBXFileReference; lastKnownFileType = wrapper.framework; name = WebKit.framework; path = System/Library/Frameworks/WebKit.framework; sourceTree = SDKROOT; };
		B8774D8AD307D798831C0DF7 /* DiscRecording.framework */ = {isa = PBXFileReference; lastKnownFileType = wrapper.framework; name = DiscRecording.framework; path = System/Library/Frameworks/DiscRecording.framework; sourceTree = SDKROOT; };
		B8E24A5CEE6B7055537725CF /* include_juce_cryptography.mm */ = {isa = PBXFileReference; lastKnownFileType = sourcecode.cpp.objcpp; name = include_juce_cryptography.mm; path = ../../JuceLibraryCode/include_juce_cryptography.mm; sourceTree = SOURCE_ROOT; };
		BD855D63BEC87543F5E94955 /* juce_opengl */ = {isa = PBXFileReference; lastKnownFileType = folder; name = juce_opengl; path = ../../JuceLibraryCode/modules/juce_opengl; sourceTree = SOURCE_ROOT; };
		C0B943B37166EE6AE884BD09 /* Startup.cpp */ = {isa = PBXFileReference; lastKnownFileType = sourcecode.cpp.cpp; name = Startup.cpp; path = ../../Source/Startup.cpp; sourceTree = SOURCE_ROOT; };
		C122966494AD479C5E0CE5FE /* MainWindow.cpp */ = {isa = PBXFileReference; lastKnownFileType = sourcecode.cpp.cpp; name = MainWindow.cpp; path = ../../Source/MainWindow.cpp; sourceTree = SOURCE_ROOT; };
		C28B07E955022A0CCDA7B4AC /* Visualizer.h */ = {isa = PBXFileReference; lastKnownFileType = sourcecode.c.h; name = Visualizer.h; path = ../../Source/Visualizer.h; sourceTree = SOURCE_ROOT; };
		D313CF37B25D7FD313C4F336 /* OpenGL.framework */ = {isa = PBXFileReference; lastKnownFileType = wrapper.framework; name = OpenGL.framework; path = System/Library/Frameworks/OpenGL.framework; sourceTree = SDKROOT; };
		D3C531EC01A742C9337E3DE9 /* juce_graphics */ = {isa = PBXFileReference; lastKnownFileType = folder; name = juce_graphics; path = ../../JuceLibraryCode/modules/juce_graphics; sourceTree = SOURCE_ROOT; };
		D4EBC17BDB7F88CCBC76730B /* AudioToolbox.framework */ = {isa = PBXFileReference; lastKnownFileType = wrapper.framework; name = AudioToolbox.framework; path = System/Library/Frameworks/AudioToolbox.framework; sourceTree = SDKROOT; };
		D6D1B79E006B798E98411903 /* juce_gui_basics */ = {isa = PBXFileReference; lastKnownFileType = folder; name = juce_gui_basics; path = ../../JuceLibraryCode/modules/juce_gui_basics; sourceTree = SOURCE_ROOT; };
		E68018DE199135B7F738FB17 /* CoreAudioKit.framework */ = {isa = PBXFileReference; lastKnownFileType = wrapper.framework; name = CoreAudioKit.framework; path = System/Library/Frameworks/CoreAudioKit.framework; sourceTree = SDKROOT; };
		FE7CCC33D0FC6AD442627D02 /* VCOTuner.cpp */ = {isa = PBXFileReference; lastKnownFileType = sourcecode.cpp.cpp; name = VCOTuner.cpp; path = ../../Source/VCOTuner.cpp; sourceTree = SOURCE_ROOT; };
/* End PBXFileReference section */

/* Begin PBXFrameworksBuildPhase section */
		C515A1FE1A53D3968C22FAEF /* Frameworks */ = {
			isa = PBXFrameworksBuildPhase;
			buildActionMask = 2147483647;
			files = (
				73E371F1B912FCCAE0CD7E5D /* Accelerate.framework in Frameworks */,
				21D330A5B13178B12BEAFC3C /* AudioToolbox.framework in Frameworks */,
				851C1165C9E4ACDD19C56A96 /* AVFoundation.framework in Frameworks */,
				AF42316D915057E930A5624E /* AVKit.framework in Frameworks */,
				2B4B9CF71F94BDD1E3AC89AE /* Carbon.framework in Frameworks */,
				AC3BED74AC7C6D9F5739F38B /* Cocoa.framework in Frameworks */,
				E3CB85BA817BC9E3942A8AB0 /* CoreAudio.framework in Frameworks */,
				70580743C3D5695F065FF698 /* CoreAudioKit.framework in Frameworks */,
				3470F40DA5D68EC217872906 /* CoreMedia.framework in Frameworks */,
				E092A70431B046BF1F50A482 /* CoreMIDI.framework in Frameworks */,
				E2BAA7CFC729809530FD71EE /* DiscRecording.framework in Frameworks */,
				9056B642BEF870098DE344E5 /* Foundation.framework in Frameworks */,
				68FBFDA1FE637B3EDA09A592 /* IOKit.framework in Frameworks */,
				BBA1733CF8B064A5FD0B4CF4 /* OpenGL.framework in Frameworks */,
				A02C9F4C4B840C27B6CAFEBD /* QuartzCore.framework in Frameworks */,
				4DB15177DDC357F4503F88CF /* WebKit.framework in Frameworks */,
			);
			runOnlyForDeploymentPostprocessing = 0;
		};
/* End PBXFrameworksBuildPhase section */

/* Begin PBXGroup section */
		65BEFC705A89E5C8A9E35C97 /* Source */ = {
			isa = PBXGroup;
			children = (
				97790EAEA01CFA5C3CA9737A /* VCO Tuner */,
				9D8FE1F65CAD416AA606C47A /* JUCE Modules */,
				7E30376DDAD775FEFE64944C /* JUCE Library Code */,
				A97EE73C79DA3F729D46AF48 /* Resources */,
				D1C4804CD275CB57A5C89A2D /* Frameworks */,
				D85C0D11EE4F6C73B9EB5BCD /* Products */,
			);
			name = Source;
			sourceTree = "<group>";
		};
		7E30376DDAD775FEFE64944C /* JUCE Library Code */ = {
			isa = PBXGroup;
			children = (
				30F22843EFEBF7AA841EB4D6 /* AppConfig.h */,
				4C7D82F9274A4F9DBF11235C /* include_juce_audio_basics.mm */,
				65968EA1B476D71F14DE1D58 /* include_juce_audio_devices.mm */,
				5D250A57C7DEA80248F30EED /* include_juce_audio_formats.mm */,
				5FBD6C402617272052BB4D81 /* include_juce_audio_processors.mm */,
				B285CAB91AE928C476CA4F9C /* include_juce_audio_utils.mm */,
				683CEE986A2467C850FE99E6 /* include_juce_core.mm */,
				B8E24A5CEE6B7055537725CF /* include_juce_cryptography.mm */,
				5EF1D381F42AA8764597F189 /* include_juce_data_structures.mm */,
				8290D7BAC160B3A56B66891A /* include_juce_events.mm */,
				82800DBA287EF4BAB13B42FB /* include_juce_graphics.mm */,
				8FE7B37CDE0818DB27BDDEBD /* include_juce_gui_basics.mm */,
				2BE6C2DFD6EBB9A89109AEB5 /* include_juce_gui_extra.mm */,
				37E4D5C341406B7072120006 /* include_juce_opengl.mm */,
				29D746FC68F69751796671A2 /* include_juce_video.mm */,
				A5E7CA8A71D049BE2BD33861 /* JuceHeader.h */,
			);
			name = "JUCE Library Code";
			sourceTree = "<group>";
		};
		97790EAEA01CFA5C3CA9737A /* VCO Tuner */ = {
			isa = PBXGroup;
			children = (
				37970C60AA791DBF4E3DD8B9 /* MainComponent.cpp */,
				3303956A59A83C2581E5C71F /* MainComponent.h */,
				C122966494AD479C5E0CE5FE /* MainWindow.cpp */,
				915795AFEB0B6BD923DCC8D3 /* MainWindow.h */,
				856641EEF218D1A6E6CD220D /* ReportCreatorWindow.cpp */,
				370D0C28693D5BB805B95988 /* ReportCreatorWindow.h */,
				0ECC67720712DA5C648CBCD2 /* ReportDetailsEditorScreen.cpp */,
				876522FC6B3A2BBFAE55E544 /* ReportDetailsEditorScreen.h */,
				1048368B676759E50AE658F1 /* ReportDisplayScreen.cpp */,
				134FB3154CBD49CEE3538585 /* ReportDisplayScreen.h */,
				9432FE486B3AA22D645C8B4B /* ReportPrepScreen.cpp */,
				22436B06526E2E515545E8FB /* ReportPrepScreen.h */,
				5A79C33959205B941696E57E /* ReportProperties.cpp */,
				01E77D6EE008AD0DA185C44F /* ReportProperties.h */,
				C0B943B37166EE6AE884BD09 /* Startup.cpp */,
				FE7CCC33D0FC6AD442627D02 /* VCOTuner.cpp */,
				3DC41604B6251DCAD59980B2 /* VCOTuner.h */,
				1694EC1B42AC2CCF819373C9 /* Visualizer.cpp */,
				C28B07E955022A0CCDA7B4AC /* Visualizer.h */,
			);
			name = "VCO Tuner";
			sourceTree = "<group>";
		};
		9D8FE1F65CAD416AA606C47A /* JUCE Modules */ = {
			isa = PBXGroup;
			children = (
				770E19588F6FD2608F4B6561 /* juce_audio_basics */,
				8BB14B2B9CCB985D5029B572 /* juce_audio_devices */,
				99BC258E5E6EED13D9A46569 /* juce_audio_formats */,
				6A5BCDEF78475BA8D6906222 /* juce_audio_processors */,
				94668FE1F7FB63F24918FECF /* juce_audio_utils */,
				4412D4A22BD7B1C49B65887E /* juce_core */,
				35D4CB3BDF2D2EAC8573C68D /* juce_cryptography */,
				846943F2A319A7EC63852C2C /* juce_data_structures */,
				3633141594EE9348EBCE5819 /* juce_events */,
				D3C531EC01A742C9337E3DE9 /* juce_graphics */,
				D6D1B79E006B798E98411903 /* juce_gui_basics */,
				A6DFEC0C0142E6E829BBB357 /* juce_gui_extra */,
				BD855D63BEC87543F5E94955 /* juce_opengl */,
				66055A618ABCAEF465F0F089 /* juce_video */,
			);
			name = "JUCE Modules";
			sourceTree = "<group>";
		};
		A97EE73C79DA3F729D46AF48 /* Resources */ = {
			isa = PBXGroup;
			children = (
				57DF618F1DE781556B7AFC32 /* Info-App.plist */,
				7DA35787B5F6F7440D667CC8 /* RecentFilesMenuTemplate.nib */,
			);
			name = Resources;
			sourceTree = "<group>";
		};
		D1C4804CD275CB57A5C89A2D /* Frameworks */ = {
			isa = PBXGroup;
			children = (
				86CA337014D3F67E906FFD28 /* Accelerate.framework */,
				D4EBC17BDB7F88CCBC76730B /* AudioToolbox.framework */,
				942A0F04EFB8D0B2FF9780BA /* AVFoundation.framework */,
				A4B568E26157FC282214976F /* AVKit.framework */,
				B0935EBBA4F6E2B05F3D1C0A /* Carbon.framework */,
				9794142D24966F93FFDE51A1 /* Cocoa.framework */,
				9F9B445E6755CAA19E4344ED /* CoreAudio.framework */,
				E68018DE199135B7F738FB17 /* CoreAudioKit.framework */,
				31D55A751C790CB81F58DDB7 /* CoreMedia.framework */,
				5AF0CA7CDFCA90B4DE1F55C3 /* CoreMIDI.framework */,
				B8774D8AD307D798831C0DF7 /* DiscRecording.framework */,
				03FA420AACDD03D50AA16E4A /* Foundation.framework */,
				4DF6E6E41E10965AD169143B /* IOKit.framework */,
				D313CF37B25D7FD313C4F336 /* OpenGL.framework */,
				89309C0C5F3269BD06BE7F27 /* QuartzCore.framework */,
				B457EE687507BF1DEEA7581F /* WebKit.framework */,
			);
			name = Frameworks;
			sourceTree = "<group>";
		};
		D85C0D11EE4F6C73B9EB5BCD /* Products */ = {
			isa = PBXGroup;
			children = (
				8D8BBC353637DA442C5575DA /* VCO Tuner.app */,
			);
			name = Products;
			sourceTree = "<group>";
		};
/* End PBXGroup section */

/* Begin PBXNativeTarget section */
		DE12B7643D374BFF7E4FEB1C /* VCO Tuner - App */ = {
			isa = PBXNativeTarget;
			buildConfigurationList = E4ECAE24A646A7D1585F776C /* Build configuration list for PBXNativeTarget "VCO Tuner - App" */;
			buildPhases = (
				2429BB4D705CC57F49418CFB /* Resources */,
				E8E94B3C187DA578BFCBDA98 /* Sources */,
				C515A1FE1A53D3968C22FAEF /* Frameworks */,
			);
			buildRules = (
			);
			dependencies = (
			);
			name = "VCO Tuner - App";
			productName = "VCO Tuner";
			productReference = 8D8BBC353637DA442C5575DA /* VCO Tuner.app */;
			productType = "com.apple.product-type.application";
		};
/* End PBXNativeTarget section */

/* Begin PBXProject section */
		ADE6E539DB98A302483A82D0 /* Project object */ = {
			isa = PBXProject;
			attributes = {
				LastUpgradeCheck = 1320;
				ORGANIZATIONNAME = "Johannes Elliesen & Karl Stamm";
				TargetAttributes = {
					DE12B7643D374BFF7E4FEB1C = {
						DevelopmentTeam = ZW55WZ8QT4;
						ProvisioningStyle = Automatic;
						SystemCapabilities = {
							com.apple.ApplicationGroups.iOS = {
								enabled = 0;
							};
							com.apple.HardenedRuntime = {
								enabled = 0;
							};
							com.apple.InAppPurchase = {
								enabled = 0;
							};
							com.apple.InterAppAudio = {
								enabled = 0;
							};
							com.apple.Push = {
								enabled = 0;
							};
							com.apple.Sandbox = {
								enabled = 1;
							};
						};
					};
				};
			};
			buildConfigurationList = 493C2C5E457692E5149C5525 /* Build configuration list for PBXProject "VCO Tuner" */;
			compatibilityVersion = "Xcode 3.2";
			developmentRegion = en;
			hasScannedForEncodings = 0;
			knownRegions = (
				en,
				Base,
			);
			mainGroup = 65BEFC705A89E5C8A9E35C97 /* Source */;
			projectDirPath = "";
			projectRoot = "";
			targets = (
				DE12B7643D374BFF7E4FEB1C /* VCO Tuner - App */,
			);
		};
/* End PBXProject section */

/* Begin PBXResourcesBuildPhase section */
		2429BB4D705CC57F49418CFB /* Resources */ = {
			isa = PBXResourcesBuildPhase;
			buildActionMask = 2147483647;
			files = (
				D92C7BF86C9CCF6B4D14F809 /* RecentFilesMenuTemplate.nib in Resources */,
			);
			runOnlyForDeploymentPostprocessing = 0;
		};
/* End PBXResourcesBuildPhase section */

/* Begin PBXSourcesBuildPhase section */
		E8E94B3C187DA578BFCBDA98 /* Sources */ = {
			isa = PBXSourcesBuildPhase;
			buildActionMask = 2147483647;
			files = (
				4A114FF1793F4EE4BA1FE5D1 /* MainComponent.cpp in Sources */,
				04E658E6B5282961824B4321 /* MainWindow.cpp in Sources */,
				8240D23FDA38FF56B6554BBA /* ReportCreatorWindow.cpp in Sources */,
				392A39581E12792B2783DF29 /* ReportDetailsEditorScreen.cpp in Sources */,
				DFCDB3982F164547590ACFF9 /* ReportDisplayScreen.cpp in Sources */,
				2AAD914FFE704A3ECE563D58 /* ReportPrepScreen.cpp in Sources */,
				CFC2942F84652E627593CB7D /* ReportProperties.cpp in Sources */,
				2946480E0051817F7F8C2A8D /* Startup.cpp in Sources */,
				311D454D0A0FF5366187CEE1 /* VCOTuner.cpp in Sources */,
				A64D9253E93C6B64F10AF5B8 /* Visualizer.cpp in Sources */,
				15CCE43D7DCFC649638919D4 /* include_juce_audio_basics.mm in Sources */,
				5C4D406B924230F83E3580AD /* include_juce_audio_devices.mm in Sources */,
				F4DD98B9310B679D50A2C8A6 /* include_juce_audio_formats.mm in Sources */,
				CAF0DE157C8F7D9F168AA3B6 /* include_juce_audio_processors.mm in Sources */,
				0F20A4AE04736634F097F5A6 /* include_juce_audio_utils.mm in Sources */,
				76A80851698FC773D2479B4E /* include_juce_core.mm in Sources */,
				E4A926EF695823F0F13268FF /* include_juce_cryptography.mm in Sources */,
				A09E93F1B354E1FF8B3E9ABE /* include_juce_data_structures.mm in Sources */,
				7DE202DC1D876F49266D9E7D /* include_juce_events.mm in Sources */,
				075C54DDDBDEA5AAD2F60154 /* include_juce_graphics.mm in Sources */,
				2C3D221D2AA87F07B3F1044D /* include_juce_gui_basics.mm in Sources */,
				C38D14DC58F1941DD5E4BF60 /* include_juce_gui_extra.mm in Sources */,
				2727A191DB1BAAC9C04B9081 /* include_juce_opengl.mm in Sources */,
				84BAFE82A102D9C350672689 /* include_juce_video.mm in Sources */,
			);
			runOnlyForDeploymentPostprocessing = 0;
		};
/* End PBXSourcesBuildPhase section */

/* Begin XCBuildConfiguration section */
		49453CC5AD9F08D2738464AC /* Release */ = {
			isa = XCBuildConfiguration;
			buildSettings = {
				CLANG_CXX_LANGUAGE_STANDARD = "c++14";
				CLANG_CXX_LIBRARY = "libc++";
				CLANG_LINK_OBJC_RUNTIME = NO;
				CODE_SIGN_ENTITLEMENTS = App.entitlements;
				CODE_SIGN_IDENTITY = "Apple Development";
				CODE_SIGN_STYLE = Automatic;
				COMBINE_HIDPI_IMAGES = YES;
				CONFIGURATION_BUILD_DIR = "$(PROJECT_DIR)/build/$(CONFIGURATION)";
				DEAD_CODE_STRIPPING = YES;
				DEVELOPMENT_TEAM = ZW55WZ8QT4;
				EXCLUDED_ARCHS = "";
				GCC_GENERATE_DEBUGGING_SYMBOLS = NO;
				GCC_OPTIMIZATION_LEVEL = s;
				GCC_PREPROCESSOR_DEFINITIONS = (
					"_NDEBUG=1",
					"NDEBUG=1",
					"JUCER_XCODE_MAC_F6D2F4CF=1",
					"JUCE_APP_VERSION=0.3.0",
					"JUCE_APP_VERSION_HEX=0x300",
					"JucePlugin_Build_VST=0",
					"JucePlugin_Build_VST3=0",
					"JucePlugin_Build_AU=0",
					"JucePlugin_Build_AUv3=0",
					"JucePlugin_Build_RTAS=0",
					"JucePlugin_Build_AAX=0",
					"JucePlugin_Build_Standalone=0",
					"JucePlugin_Build_Unity=0",
				);
				GCC_VERSION = com.apple.compilers.llvm.clang.1_0;
				HEADER_SEARCH_PATHS = (
					"$(SRCROOT)/../../JuceLibraryCode",
					"$(SRCROOT)/../../JuceLibraryCode/modules",
					"$(inherited)",
				);
				INFOPLIST_FILE = "Info-App.plist";
				INFOPLIST_PREPROCESS = NO;
				INSTALL_PATH = "$(HOME)/Applications";
				LLVM_LTO = YES;
				MACOSX_DEPLOYMENT_TARGET = 10.5;
				MTL_HEADER_SEARCH_PATHS = "$(SRCROOT)/../../JuceLibraryCode $(SRCROOT)/../../JuceLibraryCode/modules";
				PRODUCT_BUNDLE_IDENTIFIER = com.kstamm.vcotuner;
				PRODUCT_NAME = "VCO Tuner";
				PROVISIONING_PROFILE_SPECIFIER = "";
				USE_HEADERMAP = NO;
				VALIDATE_WORKSPACE_SKIPPED_SDK_FRAMEWORKS = OpenGL;
				VALID_ARCHS = "i386 x86_64 arm64 arm64e";
			};
			name = Release;
		};
		8D1CA827F1EFD443BDCF198A /* Debug */ = {
			isa = XCBuildConfiguration;
			buildSettings = {
				ALWAYS_SEARCH_USER_PATHS = NO;
				CLANG_ENABLE_OBJC_WEAK = YES;
				CLANG_WARN_BLOCK_CAPTURE_AUTORELEASING = YES;
				CLANG_WARN_BOOL_CONVERSION = YES;
				CLANG_WARN_COMMA = YES;
				CLANG_WARN_CONSTANT_CONVERSION = YES;
				CLANG_WARN_DEPRECATED_OBJC_IMPLEMENTATIONS = YES;
				CLANG_WARN_EMPTY_BODY = YES;
				CLANG_WARN_ENUM_CONVERSION = YES;
				CLANG_WARN_INFINITE_RECURSION = YES;
				CLANG_WARN_INT_CONVERSION = YES;
				CLANG_WARN_NON_LITERAL_NULL_CONVERSION = YES;
				CLANG_WARN_OBJC_IMPLICIT_RETAIN_SELF = YES;
				CLANG_WARN_OBJC_LITERAL_CONVERSION = YES;
				CLANG_WARN_RANGE_LOOP_ANALYSIS = YES;
				CLANG_WARN_STRICT_PROTOTYPES = YES;
				CLANG_WARN_SUSPICIOUS_MOVE = YES;
				CLANG_WARN_UNREACHABLE_CODE = YES;
				CLANG_WARN__DUPLICATE_METHOD_MATCH = YES;
				CODE_SIGN_IDENTITY = "";
				DEBUG_INFORMATION_FORMAT = dwarf;
				ENABLE_STRICT_OBJC_MSGSEND = YES;
				ENABLE_TESTABILITY = NO;
				GCC_C_LANGUAGE_STANDARD = c11;
				GCC_INLINES_ARE_PRIVATE_EXTERN = YES;
				GCC_MODEL_TUNING = G5;
				GCC_NO_COMMON_BLOCKS = YES;
				GCC_SYMBOLS_PRIVATE_EXTERN = YES;
				GCC_WARN_64_TO_32_BIT_CONVERSION = YES;
				GCC_WARN_ABOUT_RETURN_TYPE = YES;
				GCC_WARN_CHECK_SWITCH_STATEMENTS = YES;
				GCC_WARN_MISSING_PARENTHESES = YES;
				GCC_WARN_NON_VIRTUAL_DESTRUCTOR = YES;
				GCC_WARN_TYPECHECK_CALLS_TO_PRINTF = YES;
				GCC_WARN_UNDECLARED_SELECTOR = YES;
				GCC_WARN_UNINITIALIZED_AUTOS = YES;
				GCC_WARN_UNUSED_FUNCTION = YES;
				GCC_WARN_UNUSED_VARIABLE = YES;
				ONLY_ACTIVE_ARCH = YES;
				PRODUCT_NAME = "VCO Tuner";
				SDKROOT = macosx;
				WARNING_CFLAGS = "-Wreorder";
				ZERO_LINK = NO;
			};
			name = Debug;
		};
		C8B793AC1BEFBE7A99BE8352 /* Debug */ = {
			isa = XCBuildConfiguration;
			buildSettings = {
				CLANG_CXX_LANGUAGE_STANDARD = "c++14";
				CLANG_CXX_LIBRARY = "libc++";
				CLANG_LINK_OBJC_RUNTIME = NO;
				CODE_SIGN_ENTITLEMENTS = App.entitlements;
				CODE_SIGN_IDENTITY = "Apple Development";
				CODE_SIGN_STYLE = Automatic;
				COMBINE_HIDPI_IMAGES = YES;
				CONFIGURATION_BUILD_DIR = "$(PROJECT_DIR)/build/$(CONFIGURATION)";
				COPY_PHASE_STRIP = NO;
				DEVELOPMENT_TEAM = ZW55WZ8QT4;
				EXCLUDED_ARCHS = "";
				GCC_DYNAMIC_NO_PIC = NO;
				GCC_OPTIMIZATION_LEVEL = 0;
				GCC_PREPROCESSOR_DEFINITIONS = (
					"_DEBUG=1",
					"DEBUG=1",
					"JUCER_XCODE_MAC_F6D2F4CF=1",
					"JUCE_APP_VERSION=0.3.0",
					"JUCE_APP_VERSION_HEX=0x300",
					"JucePlugin_Build_VST=0",
					"JucePlugin_Build_VST3=0",
					"JucePlugin_Build_AU=0",
					"JucePlugin_Build_AUv3=0",
					"JucePlugin_Build_RTAS=0",
					"JucePlugin_Build_AAX=0",
					"JucePlugin_Build_Standalone=0",
					"JucePlugin_Build_Unity=0",
				);
				GCC_VERSION = com.apple.compilers.llvm.clang.1_0;
				HEADER_SEARCH_PATHS = (
					"$(SRCROOT)/../../JuceLibraryCode",
					"$(SRCROOT)/../../JuceLibraryCode/modules",
					"$(inherited)",
				);
				INFOPLIST_FILE = "Info-App.plist";
				INFOPLIST_PREPROCESS = NO;
				INSTALL_PATH = "$(HOME)/Applications";
				MACOSX_DEPLOYMENT_TARGET = 10.11;
				MTL_HEADER_SEARCH_PATHS = "$(SRCROOT)/../../JuceLibraryCode $(SRCROOT)/../../JuceLibraryCode/modules";
				PRODUCT_BUNDLE_IDENTIFIER = com.kstamm.vcotuner;
				PRODUCT_NAME = "VCO Tuner";
				PROVISIONING_PROFILE_SPECIFIER = "";
				USE_HEADERMAP = NO;
				VALIDATE_WORKSPACE_SKIPPED_SDK_FRAMEWORKS = OpenGL;
				VALID_ARCHS = "i386 x86_64 arm64 arm64e";
			};
			name = Debug;
		};
		C9295196717FABE454A210B7 /* Release */ = {
			isa = XCBuildConfiguration;
			buildSettings = {
				ALWAYS_SEARCH_USER_PATHS = NO;
				CLANG_ENABLE_OBJC_WEAK = YES;
				CLANG_WARN_BLOCK_CAPTURE_AUTORELEASING = YES;
				CLANG_WARN_BOOL_CONVERSION = YES;
				CLANG_WARN_COMMA = YES;
				CLANG_WARN_CONSTANT_CONVERSION = YES;
				CLANG_WARN_DEPRECATED_OBJC_IMPLEMENTATIONS = YES;
				CLANG_WARN_EMPTY_BODY = YES;
				CLANG_WARN_ENUM_CONVERSION = YES;
				CLANG_WARN_INFINITE_RECURSION = YES;
				CLANG_WARN_INT_CONVERSION = YES;
				CLANG_WARN_NON_LITERAL_NULL_CONVERSION = YES;
				CLANG_WARN_OBJC_IMPLICIT_RETAIN_SELF = YES;
				CLANG_WARN_OBJC_LITERAL_CONVERSION = YES;
				CLANG_WARN_RANGE_LOOP_ANALYSIS = YES;
				CLANG_WARN_STRICT_PROTOTYPES = YES;
				CLANG_WARN_SUSPICIOUS_MOVE = YES;
				CLANG_WARN_UNREACHABLE_CODE = YES;
				CLANG_WARN__DUPLICATE_METHOD_MATCH = YES;
				CODE_SIGN_IDENTITY = "";
				DEBUG_INFORMATION_FORMAT = dwarf;
				ENABLE_STRICT_OBJC_MSGSEND = YES;
				ENABLE_TESTABILITY = NO;
				GCC_C_LANGUAGE_STANDARD = c11;
				GCC_INLINES_ARE_PRIVATE_EXTERN = YES;
				GCC_MODEL_TUNING = G5;
				GCC_NO_COMMON_BLOCKS = YES;
				GCC_SYMBOLS_PRIVATE_EXTERN = YES;
				GCC_WARN_64_TO_32_BIT_CONVERSION = YES;
				GCC_WARN_ABOUT_RETURN_TYPE = YES;
				GCC_WARN_CHECK_SWITCH_STATEMENTS = YES;
				GCC_WARN_MISSING_PARENTHESES = YES;
				GCC_WARN_NON_VIRTUAL_DESTRUCTOR = YES;
				GCC_WARN_TYPECHECK_CALLS_TO_PRINTF = YES;
				GCC_WARN_UNDECLARED_SELECTOR = YES;
				GCC_WARN_UNINITIALIZED_AUTOS = YES;
				GCC_WARN_UNUSED_FUNCTION = YES;
				GCC_WARN_UNUSED_VARIABLE = YES;
				PRODUCT_NAME = "VCO Tuner";
				SDKROOT = macosx;
				WARNING_CFLAGS = "-Wreorder";
				ZERO_LINK = NO;
			};
			name = Release;
		};
/* End XCBuildConfiguration section */

/* Begin XCConfigurationList section */
		493C2C5E457692E5149C5525 /* Build configuration list for PBXProject "VCO Tuner" */ = {
			isa = XCConfigurationList;
			buildConfigurations = (
				8D1CA827F1EFD443BDCF198A /* Debug */,
				C9295196717FABE454A210B7 /* Release */,
			);
			defaultConfigurationIsVisible = 0;
			defaultConfigurationName = Debug;
		};
		E4ECAE24A646A7D1585F776C /* Build configuration list for PBXNativeTarget "VCO Tuner - App" */ = {
			isa = XCConfigurationList;
			buildConfigurations = (
				C8B793AC1BEFBE7A99BE8352 /* Debug */,
				49453CC5AD9F08D2738464AC /* Release */,
			);
			defaultConfigurationIsVisible = 0;
			defaultConfigurationName = Debug;
		};
/* End XCConfigurationList section */
	};
	rootObject = ADE6E539DB98A302483A82D0 /* Project object */;
}
